
Microsoft Visual Studio Solution File, Format Version 12.00
# Visual Studio Version 16
VisualStudioVersion = 16.0.30406.217
MinimumVisualStudioVersion = 10.0.40219.1
Project("{FAE04EC0-301F-11D3-BF4B-00C04F79EFBC}") = "CC_API", "CC_API\CC_API.csproj", "{D2AAD6C2-2400-4FC0-9758-FCF91E5311AD}"
EndProject
Global
	GlobalSection(SolutionConfigurationPlatforms) = preSolution
		Debug|Any CPU = Debug|Any CPU
		Release|Any CPU = Release|Any CPU
	EndGlobalSection
	GlobalSection(ProjectConfigurationPlatforms) = postSolution
		{D2AAD6C2-2400-4FC0-9758-FCF91E5311AD}.Debug|Any CPU.ActiveCfg = Debug|Any CPU
		{D2AAD6C2-2400-4FC0-9758-FCF91E5311AD}.Debug|Any CPU.Build.0 = Debug|Any CPU
		{D2AAD6C2-2400-4FC0-9758-FCF91E5311AD}.Release|Any CPU.ActiveCfg = Release|Any CPU
		{D2AAD6C2-2400-4FC0-9758-FCF91E5311AD}.Release|Any CPU.Build.0 = Release|Any CPU
	EndGlobalSection
	GlobalSection(SolutionProperties) = preSolution
		HideSolutionNode = FALSE
	EndGlobalSection
	GlobalSection(ExtensibilityGlobals) = postSolution
		SolutionGuid = {0334C406-0722-41FC-9559-280EDAD9D27D}
	EndGlobalSection
EndGlobal
